<?xml version="1.0" encoding="utf-8"?>
<Project ToolsVersion="4.0" xmlns="http://schemas.microsoft.com/developer/msbuild/2003">
  <ItemGroup>
    <Filter Include="Engine">
      <UniqueIdentifier>{81f96df3-9027-40ef-8430-9ba55b3ccf3c}</UniqueIdentifier>
    </Filter>
    <Filter Include="Engine\2D">
      <UniqueIdentifier>{96c15120-02d8-4f7c-843c-c9e204f922bf}</UniqueIdentifier>
    </Filter>
    <Filter Include="Engine\Base">
      <UniqueIdentifier>{46490e67-c49c-4ad5-813e-e713da0f8166}</UniqueIdentifier>
    </Filter>
    <Filter Include="Engine\Input">
      <UniqueIdentifier>{3f4cf579-fabf-4dde-bf49-d4b94bba5e38}</UniqueIdentifier>
    </Filter>
    <Filter Include="Engine\Base\Buffer">
      <UniqueIdentifier>{0e705ee9-e2cb-444c-94eb-1249c8723e3b}</UniqueIdentifier>
    </Filter>
    <Filter Include="Engine\Math">
      <UniqueIdentifier>{81125c0c-d2d7-44c1-b8d1-74ecbf139a7d}</UniqueIdentifier>
    </Filter>
    <Filter Include="Game">
      <UniqueIdentifier>{893b0506-b8c1-4f76-9e5b-739c2fe8620f}</UniqueIdentifier>
    </Filter>
    <Filter Include="Engine\shader">
      <UniqueIdentifier>{67DA6AB6-F800-4c08-8B7A-83BB121AAD01}</UniqueIdentifier>
      <Extensions>rc;ico;cur;bmp;dlg;rc2;rct;bin;rgs;gif;jpg;jpeg;jpe;resx;tiff;tif;png;wav;mfcribbon-ms</Extensions>
    </Filter>
    <Filter Include="Game\Scene">
      <UniqueIdentifier>{b5c4b2e7-c8e1-4774-802f-66180c70136e}</UniqueIdentifier>
    </Filter>
    <Filter Include="Game\Scene\Title">
      <UniqueIdentifier>{412db490-d4c6-4ab4-9eb1-719255a235a6}</UniqueIdentifier>
    </Filter>
    <Filter Include="Game\Scene\Game">
      <UniqueIdentifier>{aa86da90-e3ed-46c2-8ccc-76eeb76d6a9f}</UniqueIdentifier>
    </Filter>
    <Filter Include="Game\Resource">
      <UniqueIdentifier>{7375eb1d-11e7-43a6-be89-a424f21c95f8}</UniqueIdentifier>
    </Filter>
    <Filter Include="Game\Object">
      <UniqueIdentifier>{db755c75-4813-437a-84fc-4138dfea2695}</UniqueIdentifier>
    </Filter>
    <Filter Include="Game\Object\Block">
      <UniqueIdentifier>{5f1571d5-5bcf-451a-a188-4e5a2d378a3f}</UniqueIdentifier>
    </Filter>
    <Filter Include="Game\Object\Camera">
      <UniqueIdentifier>{470b43cc-35be-4195-a15d-7542b26a3f1f}</UniqueIdentifier>
    </Filter>
    <Filter Include="Game\JsonLoader">
      <UniqueIdentifier>{ddce7f6e-b7c0-47db-91c0-c9fb56d1c1d9}</UniqueIdentifier>
    </Filter>
    <Filter Include="Game\Object\Stage">
      <UniqueIdentifier>{d0c027e2-b9a6-40a2-89dc-c4f0ecdbd577}</UniqueIdentifier>
    </Filter>
    <Filter Include="Game\Object\TestObj">
      <UniqueIdentifier>{f7090ace-c3e8-4624-8a08-7e7bc6c1a780}</UniqueIdentifier>
    </Filter>
    <Filter Include="Engine\App">
      <UniqueIdentifier>{19a3ef41-7b06-4ba4-841c-ff257036b67a}</UniqueIdentifier>
    </Filter>
    <Filter Include="Engine\3D">
      <UniqueIdentifier>{02bd6917-9e02-41ee-9594-cdf4c5f41fa1}</UniqueIdentifier>
    </Filter>
    <Filter Include="Engine\3D\Transform">
      <UniqueIdentifier>{0df3977a-2946-4a00-83e2-97c4598560b2}</UniqueIdentifier>
    </Filter>
    <Filter Include="Game\Object\SnowBall">
      <UniqueIdentifier>{90a59d1f-2083-4e0a-827e-e938d735fc15}</UniqueIdentifier>
    </Filter>
    <Filter Include="Game\Collision">
      <UniqueIdentifier>{0cb64cdc-4d57-473d-8579-63a193791d5e}</UniqueIdentifier>
    </Filter>
  </ItemGroup>
  <ItemGroup>
    <ClCompile Include="main.cpp" />
    <ClCompile Include="include\engine\2D\Camera2D.cpp">
      <Filter>Engine\2D</Filter>
    </ClCompile>
    <ClCompile Include="include\engine\2D\Sprite.cpp">
      <Filter>Engine\2D</Filter>
    </ClCompile>
    <ClCompile Include="include\engine\3D\Camera3D.cpp">
      <Filter>Engine\3D</Filter>
    </ClCompile>
    <ClCompile Include="include\engine\3D\Material.cpp">
      <Filter>Engine\3D</Filter>
    </ClCompile>
    <ClCompile Include="include\engine\3D\Meth.cpp">
      <Filter>Engine\3D</Filter>
    </ClCompile>
    <ClCompile Include="include\engine\3D\Model.cpp">
      <Filter>Engine\3D</Filter>
    </ClCompile>
    <ClCompile Include="include\engine\3D\Object3D.cpp">
      <Filter>Engine\3D</Filter>
    </ClCompile>
    <ClCompile Include="include\engine\base\DirectXCommon.cpp">
      <Filter>Engine\Base</Filter>
    </ClCompile>
    <ClCompile Include="include\engine\base\TextureManager.cpp">
      <Filter>Engine\Base</Filter>
    </ClCompile>
    <ClCompile Include="include\engine\base\WinApp.cpp">
      <Filter>Engine\Base</Filter>
    </ClCompile>
    <ClCompile Include="include\engine\input\Input.cpp">
      <Filter>Engine\Input</Filter>
    </ClCompile>
    <ClCompile Include="include\engine\math\MathUtility.cpp">
      <Filter>Engine\Math</Filter>
    </ClCompile>
    <ClCompile Include="include\engine\math\Matrix.cpp">
      <Filter>Engine\Math</Filter>
    </ClCompile>
    <ClCompile Include="include\engine\math\Vector.cpp">
      <Filter>Engine\Math</Filter>
    </ClCompile>
    <ClCompile Include="include\game\Game.cpp">
      <Filter>Game</Filter>
    </ClCompile>
    <ClCompile Include="include\engine\PipelineFunc.cpp">
      <Filter>Engine\Base</Filter>
    </ClCompile>
    <ClCompile Include="include\game\SceneManager.cpp">
      <Filter>Game\Scene</Filter>
    </ClCompile>
    <ClCompile Include="include\engine\App.cpp">
      <Filter>Engine\App</Filter>
    </ClCompile>
    <ClCompile Include="include\game\TitleScene.cpp">
      <Filter>Game\Scene\Title</Filter>
    </ClCompile>
    <ClCompile Include="include\game\GameScene.cpp">
      <Filter>Game\Scene\Game</Filter>
    </ClCompile>
    <ClCompile Include="include\game\SceneCommonData.cpp">
      <Filter>Game\Scene</Filter>
    </ClCompile>
    <ClCompile Include="include\game\Resource.cpp">
      <Filter>Game\Resource</Filter>
    </ClCompile>
    <ClCompile Include="include\game\Block.cpp">
      <Filter>Game\Object\Block</Filter>
    </ClCompile>
    <ClCompile Include="include\game\MainCamera.cpp">
      <Filter>Game\Object\Camera</Filter>
    </ClCompile>
    <ClCompile Include="include\engine\3D\CameraTransform.cpp">
      <Filter>Engine\3D\Transform</Filter>
    </ClCompile>
    <ClCompile Include="include\engine\3D\WorldTransform.cpp">
      <Filter>Engine\3D\Transform</Filter>
    </ClCompile>
    <ClCompile Include="include\engine\math\Shape.cpp">
      <Filter>Engine\Math</Filter>
    </ClCompile>
    <ClCompile Include="include\game\Stage.cpp">
      <Filter>Game\Object\Stage</Filter>
    </ClCompile>
    <ClCompile Include="include\game\TestObj.cpp">
      <Filter>Game\Object\TestObj</Filter>
    </ClCompile>
    <ClCompile Include="include\game\SnowBall.cpp">
      <Filter>Game\Object\SnowBall</Filter>
    </ClCompile>
    <ClCompile Include="include\game\Collision2D.cpp">
      <Filter>Game\Collision</Filter>
    </ClCompile>
    <ClCompile Include="include\engine\TimeMamager.cpp" />
    <ClCompile Include="include\engine\math\Quaternion.cpp">
      <Filter>Engine\Math</Filter>
    </ClCompile>
    <ClCompile Include="include\engine\2D\DebugText.cpp">
      <Filter>Engine\2D</Filter>
    </ClCompile>
  </ItemGroup>
  <ItemGroup>
    <ClInclude Include="include\engine\2D\Camera2D.h">
      <Filter>Engine\2D</Filter>
    </ClInclude>
    <ClInclude Include="include\engine\2D\Sprite.h">
      <Filter>Engine\2D</Filter>
    </ClInclude>
    <ClInclude Include="include\engine\3D\Camera3D.h">
      <Filter>Engine\3D</Filter>
    </ClInclude>
    <ClInclude Include="include\engine\3D\Material.h">
      <Filter>Engine\3D</Filter>
    </ClInclude>
    <ClInclude Include="include\engine\3D\Meth.h">
      <Filter>Engine\3D</Filter>
    </ClInclude>
    <ClInclude Include="include\engine\3D\Model.h">
      <Filter>Engine\3D</Filter>
    </ClInclude>
    <ClInclude Include="include\engine\3D\Object3D.h">
      <Filter>Engine\3D</Filter>
    </ClInclude>
    <ClInclude Include="include\engine\base\d3dx12.h">
      <Filter>Engine\Base</Filter>
    </ClInclude>
    <ClInclude Include="include\engine\base\DirectXCommon.h">
      <Filter>Engine\Base</Filter>
    </ClInclude>
    <ClInclude Include="include\engine\base\TextureManager.h">
      <Filter>Engine\Base</Filter>
    </ClInclude>
    <ClInclude Include="include\engine\base\WinApp.h">
      <Filter>Engine\Base</Filter>
    </ClInclude>
    <ClInclude Include="include\engine\input\Input.h">
      <Filter>Engine\Input</Filter>
    </ClInclude>
    <ClInclude Include="include\engine\base\Buffers.h">
      <Filter>Engine\Base\Buffer</Filter>
    </ClInclude>
    <ClInclude Include="include\engine\base\ConstBuffer.h">
      <Filter>Engine\Base\Buffer</Filter>
    </ClInclude>
    <ClInclude Include="include\engine\base\IndexBuffer.h">
      <Filter>Engine\Base\Buffer</Filter>
    </ClInclude>
    <ClInclude Include="include\engine\base\VertexBuffer.h">
      <Filter>Engine\Base\Buffer</Filter>
    </ClInclude>
    <ClInclude Include="include\engine\math\MathUtility.h">
      <Filter>Engine\Math</Filter>
    </ClInclude>
    <ClInclude Include="include\engine\math\Matrix33.h">
      <Filter>Engine\Math</Filter>
    </ClInclude>
    <ClInclude Include="include\engine\math\Matrix44.h">
      <Filter>Engine\Math</Filter>
    </ClInclude>
    <ClInclude Include="include\engine\math\Quaternion.h">
      <Filter>Engine\Math</Filter>
    </ClInclude>
    <ClInclude Include="include\engine\math\Vector2.h">
      <Filter>Engine\Math</Filter>
    </ClInclude>
    <ClInclude Include="include\engine\math\Vector3.h">
      <Filter>Engine\Math</Filter>
    </ClInclude>
    <ClInclude Include="include\engine\math\Vector4.h">
      <Filter>Engine\Math</Filter>
    </ClInclude>
    <ClInclude Include="include\game\Game.h">
      <Filter>Game</Filter>
    </ClInclude>
    <ClInclude Include="include\engine\PipelineFunc.h">
      <Filter>Engine\Base</Filter>
    </ClInclude>
    <ClInclude Include="include\game\SceneManager.h">
      <Filter>Game\Scene</Filter>
    </ClInclude>
    <ClInclude Include="include\game\GameObject.h">
      <Filter>Game</Filter>
    </ClInclude>
    <ClInclude Include="include\game\BaseScene.h">
      <Filter>Game\Scene</Filter>
    </ClInclude>
    <ClInclude Include="include\engine\App.h">
      <Filter>Engine\App</Filter>
    </ClInclude>
    <ClInclude Include="include\game\TitleScene.h">
      <Filter>Game\Scene\Title</Filter>
    </ClInclude>
    <ClInclude Include="include\game\SceneCommonData.h">
      <Filter>Game\Scene</Filter>
    </ClInclude>
    <ClInclude Include="include\game\GameScene.h">
      <Filter>Game\Scene\Game</Filter>
    </ClInclude>
    <ClInclude Include="include\game\Resource.h">
      <Filter>Game\Resource</Filter>
    </ClInclude>
    <ClInclude Include="include\game\Block.h">
      <Filter>Game\Object\Block</Filter>
    </ClInclude>
    <ClInclude Include="include\game\MainCamera.h">
      <Filter>Game\Object\Camera</Filter>
    </ClInclude>
    <ClInclude Include="include\engine\3D\CameraTransform.h">
      <Filter>Engine\3D\Transform</Filter>
    </ClInclude>
    <ClInclude Include="include\engine\3D\WorldTransform.h">
      <Filter>Engine\3D\Transform</Filter>
    </ClInclude>
    <ClInclude Include="include\engine\math\Shape.h">
      <Filter>Engine\Math</Filter>
    </ClInclude>
    <ClInclude Include="include\engine\json.hpp">
      <Filter>Engine</Filter>
    </ClInclude>
    <ClInclude Include="include\game\Stage.h">
      <Filter>Game\Object\Stage</Filter>
    </ClInclude>
    <ClInclude Include="include\game\jsonLoader.h">
      <Filter>Game\JsonLoader</Filter>
    </ClInclude>
    <ClInclude Include="include\game\TestObj.h">
      <Filter>Game\Object\TestObj</Filter>
    </ClInclude>
    <ClInclude Include="include\game\SnowBall.h">
      <Filter>Game\Object\SnowBall</Filter>
    </ClInclude>
    <ClInclude Include="include\game\Collision2D.h">
      <Filter>Game\Collision</Filter>
    </ClInclude>
    <ClInclude Include="include\engine\TimeManager.h" />
    <ClInclude Include="include\engine\2D\DebugText.h">
      <Filter>Engine\2D</Filter>
    </ClInclude>
  </ItemGroup>
  <ItemGroup>
    <None Include="resources\shaders\Model.hlsli">
      <Filter>Engine\shader</Filter>
    </None>
    <None Include="resources\shaders\Sprite.hlsli">
      <Filter>Engine\shader</Filter>
    </None>
  </ItemGroup>
  <ItemGroup>
    <FxCompile Include="resources\shaders\ModelPS.hlsl">
      <Filter>Engine\shader</Filter>
    </FxCompile>
    <FxCompile Include="resources\shaders\ModelVS.hlsl">
      <Filter>Engine\shader</Filter>
    </FxCompile>
    <FxCompile Include="resources\shaders\SpritePS.hlsl">
      <Filter>Engine\shader</Filter>
    </FxCompile>
    <FxCompile Include="resources\shaders\SpriteVS.hlsl">
      <Filter>Engine\shader</Filter>
    </FxCompile>
  </ItemGroup>
</Project>